
Microsoft Visual Studio Solution File, Format Version 12.00
# Visual Studio Version 16
VisualStudioVersion = 16.0.30204.135
MinimumVisualStudioVersion = 10.0.40219.1
Project("{FAE04EC0-301F-11D3-BF4B-00C04F79EFBC}") = "BMI", "BMI\BMI.csproj", "{9CAC59BD-4E6E-4B57-986E-C650998530D0}"
EndProject
Global
	GlobalSection(SolutionConfigurationPlatforms) = preSolution
		Debug|Any CPU = Debug|Any CPU
		Release|Any CPU = Release|Any CPU
	EndGlobalSection
	GlobalSection(ProjectConfigurationPlatforms) = postSolution
		{9CAC59BD-4E6E-4B57-986E-C650998530D0}.Debug|Any CPU.ActiveCfg = Debug|Any CPU
		{9CAC59BD-4E6E-4B57-986E-C650998530D0}.Debug|Any CPU.Build.0 = Debug|Any CPU
		{9CAC59BD-4E6E-4B57-986E-C650998530D0}.Release|Any CPU.ActiveCfg = Release|Any CPU
		{9CAC59BD-4E6E-4B57-986E-C650998530D0}.Release|Any CPU.Build.0 = Release|Any CPU
	EndGlobalSection
	GlobalSection(SolutionProperties) = preSolution
		HideSolutionNode = FALSE
	EndGlobalSection
	GlobalSection(ExtensibilityGlobals) = postSolution
		SolutionGuid = {414F3568-F083-4CDD-87C0-08121D6A774C}
	EndGlobalSection
EndGlobal
